
Microsoft Visual Studio Solution File, Format Version 12.00
# Visual Studio Version 17
VisualStudioVersion = 17.13.35825.156 d17.13
MinimumVisualStudioVersion = 10.0.40219.1
Project("{FAE04EC0-301F-11D3-BF4B-00C04F79EFBC}") = "DotnetBenchmark", "DotnetBenchmark\DotnetBenchmark.csproj", "{9CA08541-FFCF-400F-8891-B81E6F92A6FA}"
EndProject
Global
	GlobalSection(SolutionConfigurationPlatforms) = preSolution
		Debug|Any CPU = Debug|Any CPU
		Release|Any CPU = Release|Any CPU
	EndGlobalSection
	GlobalSection(ProjectConfigurationPlatforms) = postSolution
		{9CA08541-FFCF-400F-8891-B81E6F92A6FA}.Debug|Any CPU.ActiveCfg = Debug|Any CPU
		{9CA08541-FFCF-400F-8891-B81E6F92A6FA}.Debug|Any CPU.Build.0 = Debug|Any CPU
		{9CA08541-FFCF-400F-8891-B81E6F92A6FA}.Release|Any CPU.ActiveCfg = Release|Any CPU
		{9CA08541-FFCF-400F-8891-B81E6F92A6FA}.Release|Any CPU.Build.0 = Release|Any CPU
	EndGlobalSection
	GlobalSection(SolutionProperties) = preSolution
		HideSolutionNode = FALSE
	EndGlobalSection
	GlobalSection(ExtensibilityGlobals) = postSolution
		SolutionGuid = {1CAF585F-721E-4B85-A514-7F7B7A201468}
	EndGlobalSection
EndGlobal
